<?xml version="1.0" encoding="utf-8"?>
<Project ToolsVersion="4.0" xmlns="http://schemas.microsoft.com/developer/msbuild/2003">
  <ItemGroup>
    <Filter Include="Source Files">
      <UniqueIdentifier>{4FC737F1-C7A5-4376-A066-2A32D752A2FF}</UniqueIdentifier>
      <Extensions>cpp;c;cc;cxx;def;odl;idl;hpj;bat;asm;asmx</Extensions>
    </Filter>
    <Filter Include="Header Files">
      <UniqueIdentifier>{93995380-89BD-4b04-88EB-625FBE52EBFB}</UniqueIdentifier>
      <Extensions>h;hh;hpp;hxx;hm;inl;inc;xsd</Extensions>
    </Filter>
    <Filter Include="Resource Files">
      <UniqueIdentifier>{67DA6AB6-F800-4c08-8B7A-83BB121AAD01}</UniqueIdentifier>
      <Extensions>rc;ico;cur;bmp;dlg;rc2;rct;bin;rgs;gif;jpg;jpeg;jpe;resx;tiff;tif;png;wav;mfcribbon-ms</Extensions>
    </Filter>
  </ItemGroup>
  <ItemGroup>
    <Text Include="ReadMe.txt" />
    <Text Include="Debug\jogoSalvo.txt" />
    <Text Include="Debug\matrizAuxiliarSalva.txt" />
  </ItemGroup>
  <ItemGroup>
    <ClCompile Include="Debug\main.c">
      <Filter>Source Files</Filter>
    </ClCompile>
    <ClCompile Include="Debug\Menu.c">
      <Filter>Source Files</Filter>
    </ClCompile>
    <ClCompile Include="Debug\SalvarJogo.c">
      <Filter>Source Files</Filter>
    </ClCompile>
    <ClCompile Include="Debug\TrocaColunaLinha.c">
      <Filter>Source Files</Filter>
    </ClCompile>
    <ClCompile Include="Debug\TrocaLinhaHorizontal.c">
      <Filter>Source Files</Filter>
    </ClCompile>
    <ClCompile Include="Debug\TrocaLinhaVertical.c">
      <Filter>Source Files</Filter>
    </ClCompile>
    <ClCompile Include="Debug\VerificaCasasVazias.c">
      <Filter>Source Files</Filter>
    </ClCompile>
    <ClCompile Include="Debug\VerificaMatriz.c">
      <Filter>Source Files</Filter>
    </ClCompile>
    <ClCompile Include="Debug\VerificaMatrizMenor.c">
      <Filter>Source Files</Filter>
    </ClCompile>
    <ClCompile Include="Debug\AbrirJogoSalvo.c">
      <Filter>Source Files</Filter>
    </ClCompile>
    <ClCompile Include="Debug\EmbaralhaMatriz.c">
      <Filter>Source Files</Filter>
    </ClCompile>
    <ClCompile Include="Debug\EmbaralhaMatrizExemplo.c">
      <Filter>Source Files</Filter>
    </ClCompile>
    <ClCompile Include="Debug\EspacosVazios.c">
      <Filter>Source Files</Filter>
    </ClCompile>
    <ClCompile Include="Debug\ImprimeMatriz.c">
      <Filter>Source Files</Filter>
    </ClCompile>
  </ItemGroup>
  <ItemGroup>
    <ClInclude Include="Debug\Menu.h">
      <Filter>Header Files</Filter>
    </ClInclude>
    <ClInclude Include="Debug\SalvarJogo.h">
      <Filter>Header Files</Filter>
    </ClInclude>
    <ClInclude Include="Debug\TrocaColunaLinha.h">
      <Filter>Header Files</Filter>
    </ClInclude>
    <ClInclude Include="Debug\TrocaLinhaHorizontal.h">
      <Filter>Header Files</Filter>
    </ClInclude>
    <ClInclude Include="Debug\TrocaLinhaVertical.h">
      <Filter>Header Files</Filter>
    </ClInclude>
    <ClInclude Include="Debug\VerificaCasasVazias.h">
      <Filter>Header Files</Filter>
    </ClInclude>
    <ClInclude Include="Debug\VerificaMatriz.h">
      <Filter>Header Files</Filter>
    </ClInclude>
    <ClInclude Include="Debug\VerificaMatrizMenor.h">
      <Filter>Header Files</Filter>
    </ClInclude>
    <ClInclude Include="Debug\AbrirJogoSalvo.h">
      <Filter>Header Files</Filter>
    </ClInclude>
    <ClInclude Include="Debug\EmbaralhaMatriz.h">
      <Filter>Header Files</Filter>
    </ClInclude>
    <ClInclude Include="Debug\EmbaralhaMatrizExemplo.h">
      <Filter>Header Files</Filter>
    </ClInclude>
    <ClInclude Include="Debug\EspacosVazios.h">
      <Filter>Header Files</Filter>
    </ClInclude>
    <ClInclude Include="Debug\ImprimeMatriz.h">
      <Filter>Header Files</Filter>
    </ClInclude>
  </ItemGroup>
</Project>